
Microsoft Visual Studio Solution File, Format Version 12.00
Project("{FAE04EC0-301F-11D3-BF4B-00C04F79EFBC}") = "shalom_airlines", "shalom_airlines\shalom_airlines.csproj", "{186EF250-2C9A-4721-874D-B83E48EBEBBE}"
EndProject
Global
	GlobalSection(SolutionConfigurationPlatforms) = preSolution
		Debug|Any CPU = Debug|Any CPU
		Release|Any CPU = Release|Any CPU
	EndGlobalSection
	GlobalSection(ProjectConfigurationPlatforms) = postSolution
		{186EF250-2C9A-4721-874D-B83E48EBEBBE}.Debug|Any CPU.ActiveCfg = Debug|Any CPU
		{186EF250-2C9A-4721-874D-B83E48EBEBBE}.Debug|Any CPU.Build.0 = Debug|Any CPU
		{186EF250-2C9A-4721-874D-B83E48EBEBBE}.Release|Any CPU.ActiveCfg = Release|Any CPU
		{186EF250-2C9A-4721-874D-B83E48EBEBBE}.Release|Any CPU.Build.0 = Release|Any CPU
	EndGlobalSection
EndGlobal
